
Microsoft Visual Studio Solution File, Format Version 12.00
# Visual Studio Version 16
VisualStudioVersion = 16.0.30104.148
MinimumVisualStudioVersion = 10.0.40219.1
Project("{FAE04EC0-301F-11D3-BF4B-00C04F79EFBC}") = "HomeworkCSharp", "HomeworkCSharp\HomeworkCSharp.csproj", "{14CA8C56-501F-45FC-B1C1-48EA154B8C34}"
EndProject
Global
	GlobalSection(SolutionConfigurationPlatforms) = preSolution
		Debug|Any CPU = Debug|Any CPU
		Release|Any CPU = Release|Any CPU
	EndGlobalSection
	GlobalSection(ProjectConfigurationPlatforms) = postSolution
		{14CA8C56-501F-45FC-B1C1-48EA154B8C34}.Debug|Any CPU.ActiveCfg = Debug|Any CPU
		{14CA8C56-501F-45FC-B1C1-48EA154B8C34}.Debug|Any CPU.Build.0 = Debug|Any CPU
		{14CA8C56-501F-45FC-B1C1-48EA154B8C34}.Release|Any CPU.ActiveCfg = Release|Any CPU
		{14CA8C56-501F-45FC-B1C1-48EA154B8C34}.Release|Any CPU.Build.0 = Release|Any CPU
	EndGlobalSection
	GlobalSection(SolutionProperties) = preSolution
		HideSolutionNode = FALSE
	EndGlobalSection
	GlobalSection(ExtensibilityGlobals) = postSolution
		SolutionGuid = {6067E44A-F903-44CE-A3CF-FC283E25D98B}
	EndGlobalSection
EndGlobal
